
Microsoft Visual Studio Solution File, Format Version 12.00
# Visual Studio 2013
VisualStudioVersion = 12.0.21005.1
MinimumVisualStudioVersion = 10.0.40219.1
Project("{8BC9CEB8-8B4A-11D0-8D11-00A0C91BC942}") = "暑假练习11", "暑假练习11\暑假练习11.vcxproj", "{407D7FF2-B583-4850-AA10-D435E1578C74}"
EndProject
Global
	GlobalSection(SolutionConfigurationPlatforms) = preSolution
		Debug|Win32 = Debug|Win32
		Release|Win32 = Release|Win32
	EndGlobalSection
	GlobalSection(ProjectConfigurationPlatforms) = postSolution
		{407D7FF2-B583-4850-AA10-D435E1578C74}.Debug|Win32.ActiveCfg = Debug|Win32
		{407D7FF2-B583-4850-AA10-D435E1578C74}.Debug|Win32.Build.0 = Debug|Win32
		{407D7FF2-B583-4850-AA10-D435E1578C74}.Release|Win32.ActiveCfg = Release|Win32
		{407D7FF2-B583-4850-AA10-D435E1578C74}.Release|Win32.Build.0 = Release|Win32
	EndGlobalSection
	GlobalSection(SolutionProperties) = preSolution
		HideSolutionNode = FALSE
	EndGlobalSection
EndGlobal
